{
  "version": 1,
  "dependencies": {
    "net8.0": {
      "CommunityToolkit.HighPerformance": {
        "type": "Transitive",
        "resolved": "8.4.0",
        "contentHash": "flxspiBs0G/0GMp7IK2J2ijV9bTG6hEwFc/z6ekHqB6nwRJ4Ry2yLdx+TkbCUYFCl4XhABkAwomeKbT6zM2Zlg=="
      },
      "Imageflow.AllPlatforms": {
        "type": "Transitive",
        "resolved": "0.13.2",
        "contentHash": "RAvdU2qaqP+orATtDoy0C1e5ZmxECNkO4LPyYAcRNM4E1p86zyPh3H1mlmnncBrgU0799aXsvginm8/m3IoLBw==",
        "dependencies": {
          "Imageflow.NativeRuntime.osx-x86_64": "2.0.0-preview8",
          "Imageflow.NativeRuntime.ubuntu-x86_64": "2.0.0-preview8",
          "Imageflow.NativeRuntime.win-x86": "2.0.0-preview8",
          "Imageflow.NativeRuntime.win-x86_64": "2.0.0-preview8",
          "Imageflow.Net": "0.13.2"
        }
      },
      "Imageflow.NativeRuntime.osx-x86_64": {
        "type": "Transitive",
        "resolved": "2.0.0-preview8",
        "contentHash": "3wEglrMqVzlnAVBTdK6qcRySdo/4ajBP5ASRuK3yHfBqPp3ld4ke6guxuSZbgDTObIxai7KTLlsIvQZhusymUA=="
      },
      "Imageflow.NativeRuntime.ubuntu-x86_64": {
        "type": "Transitive",
        "resolved": "2.0.0-preview8",
        "contentHash": "H8K5kZqcM3IliDRZD3H8BN6TbeLgcW+6FsDZ3EvlqBvu41s+Lv9vxE+c3m1cUQhsYBs76udUhgJFNR1D6x3U5g=="
      },
      "Imageflow.NativeRuntime.win-x86": {
        "type": "Transitive",
        "resolved": "2.0.0-preview8",
        "contentHash": "WunIva5NZ2iMPKCyz8ZTkN7SRaW3szBijMg5YK7jaSFZHw8Xiky/GFfghc0XgWTuILxwO4YbY86e8QvW8CBigQ=="
      },
      "Imageflow.NativeRuntime.win-x86_64": {
        "type": "Transitive",
        "resolved": "2.0.0-preview8",
        "contentHash": "1rY6C9Hjj7U9toa7FlnveiSBKccZlvCaHwdxPRQS0vDpAZZCJrTA/H7VYdreifpnIDInYcf0i/3oEKzEnj884w=="
      },
      "Imageflow.Net": {
        "type": "Transitive",
        "resolved": "0.13.2",
        "contentHash": "9HGmpQY5NzuoVtsnm3I+6tkCFnPDHqhlQDekBlnpYVL8t/YiMUPdf+rrl5D1RNO7Hor2Vs1Xno0wZEF7ER39tQ==",
        "dependencies": {
          "Microsoft.IO.RecyclableMemoryStream": "[3.0.0, 4.0.0)"
        }
      },
      "Microsoft.IO.RecyclableMemoryStream": {
        "type": "Transitive",
        "resolved": "3.0.0",
        "contentHash": "irv0HuqoH8Ig5i2fO+8dmDNdFdsrO+DoQcedwIlb810qpZHBNQHZLW7C/AHBQDgLLpw2T96vmMAy/aE4Yj55Sg=="
      },
      "imageflow.server": {
        "type": "Project",
        "dependencies": {
          "Imageflow.AllPlatforms": "[0.13.2, )",
          "Imazen.Common": "[0.1.0--notset, )",
          "Imazen.Routing": "[0.1.0--notset, )",
          "Microsoft.IO.RecyclableMemoryStream": "[3.0.0, )"
        }
      },
      "imazen.abstractions": {
        "type": "Project",
        "dependencies": {
          "CommunityToolkit.HighPerformance": "[8.*, )"
        }
      },
      "imazen.common": {
        "type": "Project",
        "dependencies": {
          "Imazen.Abstractions": "[0.1.0--notset, )"
        }
      },
      "imazen.routing": {
        "type": "Project",
        "dependencies": {
          "CommunityToolkit.HighPerformance": "[8.*, )",
          "Imageflow.Net": "[0.13.2, )",
          "Imazen.Abstractions": "[0.1.0--notset, )",
          "Imazen.Common": "[0.1.0--notset, )"
        }
      }
    }
  }
}