{
  "version": 1,
  "dependencies": {
    ".NETFramework,Version=v4.8": {
      "FluentAssertions": {
        "type": "Direct",
        "requested": "[8.*, )",
        "resolved": "8.2.0",
        "contentHash": "Gh4jkECcrR0i17ofCVqsiVz2+lxC+p5TYFPCrbZFi7eQQWGEZhvCDwvhycBKX1Kmtbd+H2CW/ugW7wdH9Br9NQ==",
        "dependencies": {
          "System.Threading.Tasks.Extensions": "4.5.4"
        }
      },
      "Microsoft.NET.Test.Sdk": {
        "type": "Direct",
        "requested": "[17.13.*, )",
        "resolved": "17.13.0",
        "contentHash": "W19wCPizaIC9Zh47w8wWI/yxuqR7/dtABwOrc8r2jX/8mUNxM2vw4fXDh+DJTeogxV+KzKwg5jNNGQVwf3LXyA==",
        "dependencies": {
          "Microsoft.CodeCoverage": "17.13.0"
        }
      },
      "Moq": {
        "type": "Direct",
        "requested": "[4.20.72, )",
        "resolved": "4.20.72",
        "contentHash": "EA55cjyNn8eTNWrgrdZJH5QLFp2L43oxl1tlkoYUKIE9pRwL784OWiTXeCV5ApS+AMYEAlt7Fo03A2XfouvHmQ==",
        "dependencies": {
          "Castle.Core": "5.1.1",
          "System.Threading.Tasks.Extensions": "4.5.4"
        }
      },
      "PolySharp": {
        "type": "Direct",
        "requested": "[1.14.1, )",
        "resolved": "1.14.1",
        "contentHash": "mOOmFYwad3MIOL14VCjj02LljyF1GNw1wP0YVlxtcPvqdxjGGMNdNJJxHptlry3MOd8b40Flm8RPOM8JOlN2sQ=="
      },
      "xunit.runner.visualstudio": {
        "type": "Direct",
        "requested": "[3.0.2, )",
        "resolved": "3.0.2",
        "contentHash": "oXbusR6iPq0xlqoikjdLvzh+wQDkMv9If58myz9MEzldS4nIcp442Btgs2sWbYWV+caEluMe2pQCZ0hUZgPiow==",
        "dependencies": {
          "Microsoft.TestPlatform.ObjectModel": "17.12.0"
        }
      },
      "xunit.v3": {
        "type": "Direct",
        "requested": "[2.0.1, )",
        "resolved": "2.0.1",
        "contentHash": "aZd9scfbb2bq8i2d9LDh8A/R1DZX/M4eASfxuL3RZUHw/5VaHi8+sb9jPODVPTA/hYRsCu+2DsEOLI2AQJCrhw==",
        "dependencies": {
          "xunit.analyzers": "1.21.0",
          "xunit.v3.assert": "[2.0.1]",
          "xunit.v3.core": "[2.0.1]"
        }
      },
      "Castle.Core": {
        "type": "Transitive",
        "resolved": "5.1.1",
        "contentHash": "rpYtIczkzGpf+EkZgDr9CClTdemhsrwA/W5hMoPjLkRFnXzH44zDLoovXeKtmxb1ykXK9aJVODSpiJml8CTw2g=="
      },
      "CommunityToolkit.HighPerformance": {
        "type": "Transitive",
        "resolved": "8.4.0",
        "contentHash": "flxspiBs0G/0GMp7IK2J2ijV9bTG6hEwFc/z6ekHqB6nwRJ4Ry2yLdx+TkbCUYFCl4XhABkAwomeKbT6zM2Zlg==",
        "dependencies": {
          "Microsoft.Bcl.HashCode": "6.0.0",
          "System.Memory": "4.6.0",
          "System.Runtime.CompilerServices.Unsafe": "6.1.0",
          "System.Threading.Tasks.Extensions": "4.6.0"
        }
      },
      "Imageflow.Net": {
        "type": "Transitive",
        "resolved": "0.13.2",
        "contentHash": "9HGmpQY5NzuoVtsnm3I+6tkCFnPDHqhlQDekBlnpYVL8t/YiMUPdf+rrl5D1RNO7Hor2Vs1Xno0wZEF7ER39tQ==",
        "dependencies": {
          "Microsoft.IO.RecyclableMemoryStream": "[3.0.0, 4.0.0)",
          "System.Buffers": "4.5.1",
          "System.Memory": "4.5.5",
          "System.Text.Json": "6.0.9"
        }
      },
      "Microsoft.Bcl.AsyncInterfaces": {
        "type": "Transitive",
        "resolved": "8.0.0",
        "contentHash": "3WA9q9yVqJp222P3x1wYIGDAkpjAku0TMUaaQV22g6L67AI0LdOIrVS7Ht2vJfLHGSPVuqN94vIr15qn+HEkHw==",
        "dependencies": {
          "System.Threading.Tasks.Extensions": "4.5.4"
        }
      },
      "Microsoft.Bcl.HashCode": {
        "type": "Transitive",
        "resolved": "6.0.0",
        "contentHash": "GI4jcoi6eC9ZhNOQylIBaWOQjyGaR8T6N3tC1u8p3EXfndLCVNNWa+Zp+ocjvvS3kNBN09Zma2HXL0ezO0dRfw=="
      },
      "Microsoft.CodeCoverage": {
        "type": "Transitive",
        "resolved": "17.13.0",
        "contentHash": "9LIUy0y+DvUmEPtbRDw6Bay3rzwqFV8P4efTrK4CZhQle3M/QwLPjISghfcolmEGAPWxuJi6m98ZEfk4VR4Lfg=="
      },
      "Microsoft.Extensions.Configuration.Abstractions": {
        "type": "Transitive",
        "resolved": "2.2.0",
        "contentHash": "65MrmXCziWaQFrI0UHkQbesrX5wTwf9XPjY5yFm/VkgJKFJ5gqvXRoXjIZcf2wLi5ZlwGz/oMYfyURVCWbM5iw==",
        "dependencies": {
          "Microsoft.Extensions.Primitives": "2.2.0"
        }
      },
      "Microsoft.Extensions.DependencyInjection": {
        "type": "Transitive",
        "resolved": "8.0.0",
        "contentHash": "V8S3bsm50ig6JSyrbcJJ8bW2b9QLGouz+G1miK3UTaOWmMtFwNNNzUf4AleyDWUmTrWMLNnFSLEQtxmxgNQnNQ==",
        "dependencies": {
          "Microsoft.Bcl.AsyncInterfaces": "8.0.0",
          "Microsoft.Extensions.DependencyInjection.Abstractions": "8.0.0",
          "System.Threading.Tasks.Extensions": "4.5.4"
        }
      },
      "Microsoft.Extensions.DependencyInjection.Abstractions": {
        "type": "Transitive",
        "resolved": "8.0.2",
        "contentHash": "3iE7UF7MQkCv1cxzCahz+Y/guQbTqieyxyaWKhrRO91itI9cOKO76OHeQDahqG4MmW5umr3CcCvGmK92lWNlbg==",
        "dependencies": {
          "Microsoft.Bcl.AsyncInterfaces": "8.0.0",
          "System.Threading.Tasks.Extensions": "4.5.4"
        }
      },
      "Microsoft.Extensions.FileProviders.Abstractions": {
        "type": "Transitive",
        "resolved": "8.0.0",
        "contentHash": "ZbaMlhJlpisjuWbvXr4LdAst/1XxH3vZ6A0BsgTphZ2L4PGuxRLz7Jr/S7mkAAnOn78Vu0fKhEgNF5JO3zfjqQ==",
        "dependencies": {
          "Microsoft.Extensions.Primitives": "8.0.0"
        }
      },
      "Microsoft.Extensions.FileProviders.Embedded": {
        "type": "Transitive",
        "resolved": "8.0.10",
        "contentHash": "N/Ow71LLKXbC4fOFoAG7QNyyhgRypd8in8lc92xInZyyNFlBTgGR3R1BV91Wr5+1/l9+Qvo+2Ee2cAth43OP/Q==",
        "dependencies": {
          "Microsoft.Extensions.FileProviders.Abstractions": "8.0.0"
        }
      },
      "Microsoft.Extensions.Hosting.Abstractions": {
        "type": "Transitive",
        "resolved": "2.2.0",
        "contentHash": "+k4AEn68HOJat5gj1TWa6X28WlirNQO9sPIIeQbia+91n03esEtMSSoekSTpMjUzjqtJWQN3McVx0GvSPFHF/Q==",
        "dependencies": {
          "Microsoft.Extensions.Configuration.Abstractions": "2.2.0",
          "Microsoft.Extensions.DependencyInjection.Abstractions": "2.2.0",
          "Microsoft.Extensions.FileProviders.Abstractions": "2.2.0",
          "Microsoft.Extensions.Logging.Abstractions": "2.2.0"
        }
      },
      "Microsoft.Extensions.Logging": {
        "type": "Transitive",
        "resolved": "8.0.0",
        "contentHash": "tvRkov9tAJ3xP51LCv3FJ2zINmv1P8Hi8lhhtcKGqM+ImiTCC84uOPEI4z8Cdq2C3o9e+Aa0Gw0rmrsJD77W+w==",
        "dependencies": {
          "Microsoft.Bcl.AsyncInterfaces": "8.0.0",
          "Microsoft.Extensions.DependencyInjection": "8.0.0",
          "Microsoft.Extensions.Logging.Abstractions": "8.0.0",
          "Microsoft.Extensions.Options": "8.0.0",
          "System.Diagnostics.DiagnosticSource": "8.0.0",
          "System.ValueTuple": "4.5.0"
        }
      },
      "Microsoft.Extensions.Logging.Abstractions": {
        "type": "Transitive",
        "resolved": "8.0.2",
        "contentHash": "nroMDjS7hNBPtkZqVBbSiQaQjWRDxITI8Y7XnDs97rqG3EbzVTNLZQf7bIeUJcaHOV8bca47s1Uxq94+2oGdxA==",
        "dependencies": {
          "Microsoft.Extensions.DependencyInjection.Abstractions": "8.0.2",
          "System.Buffers": "4.5.1",
          "System.Diagnostics.DiagnosticSource": "8.0.1",
          "System.Memory": "4.5.5"
        }
      },
      "Microsoft.Extensions.Options": {
        "type": "Transitive",
        "resolved": "8.0.0",
        "contentHash": "JOVOfqpnqlVLUzINQ2fox8evY2SKLYJ3BV8QDe/Jyp21u1T7r45x/R/5QdteURMR5r01GxeJSBBUOCOyaNXA3g==",
        "dependencies": {
          "Microsoft.Extensions.DependencyInjection.Abstractions": "8.0.0",
          "Microsoft.Extensions.Primitives": "8.0.0",
          "System.ValueTuple": "4.5.0"
        }
      },
      "Microsoft.Extensions.Primitives": {
        "type": "Transitive",
        "resolved": "8.0.0",
        "contentHash": "bXJEZrW9ny8vjMF1JV253WeLhpEVzFo1lyaZu1vQ4ZxWUlVvknZ/+ftFgVheLubb4eZPSwwxBeqS1JkCOjxd8g==",
        "dependencies": {
          "System.Memory": "4.5.5",
          "System.Runtime.CompilerServices.Unsafe": "6.0.0"
        }
      },
      "Microsoft.IO.RecyclableMemoryStream": {
        "type": "Transitive",
        "resolved": "3.0.0",
        "contentHash": "irv0HuqoH8Ig5i2fO+8dmDNdFdsrO+DoQcedwIlb810qpZHBNQHZLW7C/AHBQDgLLpw2T96vmMAy/aE4Yj55Sg==",
        "dependencies": {
          "System.Memory": "4.5.5"
        }
      },
      "Microsoft.Testing.Extensions.TrxReport.Abstractions": {
        "type": "Transitive",
        "resolved": "1.6.3",
        "contentHash": "0MdowM+3IDVWE5VBzVe9NvxsE4caSbM3fO+jlWVzEBr/Vnc3BWx+uV/Ex0dLLpkxkeUKH2gGWTNLb39rw3DDqw==",
        "dependencies": {
          "Microsoft.Testing.Platform": "1.6.3"
        }
      },
      "Microsoft.Testing.Platform": {
        "type": "Transitive",
        "resolved": "1.6.3",
        "contentHash": "DqMZukaPo+vKzColfqd1I5qZebfISZT6ND70AOem/dYQmHsaMN0xg/JG7E0e80rwfxL7wAA4ylSg8j6KJf1Tuw=="
      },
      "Microsoft.Testing.Platform.MSBuild": {
        "type": "Transitive",
        "resolved": "1.6.3",
        "contentHash": "PXSYI5Iae29GM5636zOL8PlQD1YyOa9cfzfYLR43hrLjjK7RDJgMTvgAet3oZLgDTvz6pbzABZvhx+S/W5m8YA==",
        "dependencies": {
          "Microsoft.Testing.Platform": "1.6.3"
        }
      },
      "Microsoft.TestPlatform.ObjectModel": {
        "type": "Transitive",
        "resolved": "17.12.0",
        "contentHash": "TDqkTKLfQuAaPcEb3pDDWnh7b3SyZF+/W9OZvWFp6eJCIiiYFdSB6taE2I6tWrFw5ywhzOb6sreoGJTI6m3rSQ==",
        "dependencies": {
          "System.Reflection.Metadata": "1.6.0"
        }
      },
      "System.Buffers": {
        "type": "Transitive",
        "resolved": "4.6.1",
        "contentHash": "N8GXpmiLMtljq7gwvyS+1QvKT/W2J8sNAvx+HVg4NGmsG/H+2k/y9QI23auLJRterrzCiDH+IWAw4V/GPwsMlw=="
      },
      "System.Collections.Immutable": {
        "type": "Transitive",
        "resolved": "6.0.1",
        "contentHash": "Cc+SfP+jyCmA1TnRnDA7cRZy5jbLyWodfuUJKDJ+PJZBwWkv8szz+ztSCHAonqnL01DRaHaS2ptc4bYIEdgvWw==",
        "dependencies": {
          "System.Memory": "4.5.4",
          "System.Runtime.CompilerServices.Unsafe": "6.0.0"
        }
      },
      "System.Diagnostics.DiagnosticSource": {
        "type": "Transitive",
        "resolved": "8.0.1",
        "contentHash": "vaoWjvkG1aenR2XdjaVivlCV9fADfgyhW5bZtXT23qaEea0lWiUljdQuze4E31vKM7ZWJaSUsbYIKE3rnzfZUg==",
        "dependencies": {
          "System.Memory": "4.5.5",
          "System.Runtime.CompilerServices.Unsafe": "6.0.0"
        }
      },
      "System.Interactive.Async": {
        "type": "Transitive",
        "resolved": "6.0.1",
        "contentHash": "f8H1O4ZWDQo344y5NQU76G4SIjWMuKDVXL9OM1dg6K5YZnLkc8iCdQDybBvMcC6ufk61jzXGVAX6UCDu0qDSjA==",
        "dependencies": {
          "System.Linq.Async": "6.0.1"
        }
      },
      "System.IO.Pipelines": {
        "type": "Transitive",
        "resolved": "6.0.3",
        "contentHash": "ryTgF+iFkpGZY1vRQhfCzX0xTdlV3pyaTTqRu2ETbEv+HlV7O6y7hyQURnghNIXvctl5DuZ//Dpks6HdL/Txgw==",
        "dependencies": {
          "System.Buffers": "4.5.1",
          "System.Memory": "4.5.4",
          "System.Threading.Tasks.Extensions": "4.5.4"
        }
      },
      "System.Linq.Async": {
        "type": "Transitive",
        "resolved": "6.0.1",
        "contentHash": "0YhHcaroWpQ9UCot3Pizah7ryAzQhNvobLMSxeDIGmnXfkQn8u5owvpOH0K6EVB+z9L7u6Cc4W17Br/+jyttEQ==",
        "dependencies": {
          "Microsoft.Bcl.AsyncInterfaces": "6.0.0"
        }
      },
      "System.Memory": {
        "type": "Transitive",
        "resolved": "4.6.3",
        "contentHash": "qdcDOgnFZY40+Q9876JUHnlHu7bosOHX8XISRoH94fwk6hgaeQGSgfZd8srWRZNt5bV9ZW2TljcegDNxsf+96A==",
        "dependencies": {
          "System.Buffers": "4.6.1",
          "System.Numerics.Vectors": "4.6.1",
          "System.Runtime.CompilerServices.Unsafe": "6.1.2"
        }
      },
      "System.Numerics.Vectors": {
        "type": "Transitive",
        "resolved": "4.6.1",
        "contentHash": "sQxefTnhagrhoq2ReR0D/6K0zJcr9Hrd6kikeXsA1I8kOCboTavcUC4r7TSfpKFeE163uMuxZcyfO1mGO3EN8Q=="
      },
      "System.Reflection.Metadata": {
        "type": "Transitive",
        "resolved": "1.6.0",
        "contentHash": "COC1aiAJjCoA5GBF+QKL2uLqEBew4JsCkQmoHKbN3TlOZKa2fKLz5CpiRQKDz0RsAOEGsVKqOD5bomsXq/4STQ==",
        "dependencies": {
          "System.Collections.Immutable": "1.5.0"
        }
      },
      "System.Runtime.CompilerServices.Unsafe": {
        "type": "Transitive",
        "resolved": "6.1.2",
        "contentHash": "2hBr6zdbIBTDE3EhK7NSVNdX58uTK6iHW/P/Axmm9sl1xoGSLqDvMtpecn226TNwHByFokYwJmt/aQQNlO5CRw=="
      },
      "System.Text.Encodings.Web": {
        "type": "Transitive",
        "resolved": "6.0.1",
        "contentHash": "E5M5AE2OUTlCrf4omZvzzziUJO9CofBl+lXHaN5IKePPJvHqYFYYpaDPgCpR4VwaFbEebfnjOxxEBtPtsqAxpQ==",
        "dependencies": {
          "System.Buffers": "4.5.1",
          "System.Memory": "4.5.4",
          "System.Runtime.CompilerServices.Unsafe": "6.0.0"
        }
      },
      "System.Text.Json": {
        "type": "Transitive",
        "resolved": "6.0.9",
        "contentHash": "2j16oUgtIzl7Xtk7demG0i/v5aU/ZvULcAnJvPb63U3ZhXJ494UYcxuEj5Fs49i3XDrk5kU/8I+6l9zRCw3cJw==",
        "dependencies": {
          "Microsoft.Bcl.AsyncInterfaces": "6.0.0",
          "System.Buffers": "4.5.1",
          "System.Memory": "4.5.4",
          "System.Numerics.Vectors": "4.5.0",
          "System.Runtime.CompilerServices.Unsafe": "6.0.0",
          "System.Text.Encodings.Web": "6.0.0",
          "System.Threading.Tasks.Extensions": "4.5.4",
          "System.ValueTuple": "4.5.0"
        }
      },
      "System.Threading.Tasks.Extensions": {
        "type": "Transitive",
        "resolved": "4.6.3",
        "contentHash": "7sCiwilJLYbTZELaKnc7RecBBXWXA+xMLQWZKWawBxYjp6DBlSE3v9/UcvKBvr1vv2tTOhipiogM8rRmxlhrVA==",
        "dependencies": {
          "System.Runtime.CompilerServices.Unsafe": "6.1.2"
        }
      },
      "System.ValueTuple": {
        "type": "Transitive",
        "resolved": "4.5.0",
        "contentHash": "okurQJO6NRE/apDIP23ajJ0hpiNmJ+f0BwOlB/cSqTLQlw5upkf+5+96+iG2Jw40G1fCVCyPz/FhIABUjMR+RQ=="
      },
      "xunit.analyzers": {
        "type": "Transitive",
        "resolved": "1.21.0",
        "contentHash": "2KvcXvsqZQnwQmdEJC4BGXCsllgMtfbhlnY7MlDu5ZsKLWDEnYT5PNqGLiQQnxQYqwkOyTPAbrCwUyI9ZfJ2fg=="
      },
      "xunit.v3.assert": {
        "type": "Transitive",
        "resolved": "2.0.1",
        "contentHash": "kRHFGQx8InD5VhLxUVGoNLQ+zieMHGRcqIoybggCqWJJR/YQVo/BbfVq2tlxuC/D6Fh7hciDQQtuiz0qxbkHLg==",
        "dependencies": {
          "System.Collections.Immutable": "6.0.0",
          "System.Memory": "4.5.5"
        }
      },
      "xunit.v3.common": {
        "type": "Transitive",
        "resolved": "2.0.1",
        "contentHash": "yAiB2YncUZ9NTzaByPElXFXZLnmksy5H9ufNqV1vAWRBWVohBnM7pwVcJG86nI7ZYnCJAulEqSTlw6O+JaXi5A==",
        "dependencies": {
          "Microsoft.Bcl.AsyncInterfaces": "6.0.0"
        }
      },
      "xunit.v3.core": {
        "type": "Transitive",
        "resolved": "2.0.1",
        "contentHash": "CtLhyvFOMvd+OG83GoYXOAtlImg9kVG0mC0Oz520BG8UkRLXXrHxQH8o4VG97FTNouCQV5luejUc2S6F3Plgsg==",
        "dependencies": {
          "Microsoft.Testing.Platform.MSBuild": "1.6.3",
          "xunit.v3.extensibility.core": "[2.0.1]",
          "xunit.v3.runner.inproc.console": "[2.0.1]"
        }
      },
      "xunit.v3.extensibility.core": {
        "type": "Transitive",
        "resolved": "2.0.1",
        "contentHash": "bSJU4PidfMf9qnLzEozplpy2BrZcj+lZshuUtzuT2Itq4h7RuanldGkz/ybYTI7jThXiUUkSytnCT3+D5h1yrA==",
        "dependencies": {
          "xunit.v3.common": "[2.0.1]"
        }
      },
      "xunit.v3.runner.common": {
        "type": "Transitive",
        "resolved": "2.0.1",
        "contentHash": "XhHprIUiDH1gHdlbHz2Dd2FIiooo82wkzOe+llaw+rIHij4G/vSDxLUTvhSUX6ZpbeHc1i3oEc2DahCFKidwzQ==",
        "dependencies": {
          "xunit.v3.common": "[2.0.1]"
        }
      },
      "xunit.v3.runner.inproc.console": {
        "type": "Transitive",
        "resolved": "2.0.1",
        "contentHash": "MBk3QekEbnlueTQVfNzXbrDXRSPFUsqBppSHPmkZpcJai06bbv6CAHUZciOjxUj5Y0F2MKhdc5XSiu0bwZUrfA==",
        "dependencies": {
          "Microsoft.Testing.Extensions.TrxReport.Abstractions": "1.6.3",
          "Microsoft.Testing.Platform": "1.6.3",
          "xunit.v3.extensibility.core": "[2.0.1]",
          "xunit.v3.runner.common": "[2.0.1]"
        }
      },
      "imazen.abstractions": {
        "type": "Project",
        "dependencies": {
          "CommunityToolkit.HighPerformance": "[8.*, )",
          "Microsoft.Bcl.AsyncInterfaces": "[6.*, )",
          "Microsoft.Extensions.Hosting.Abstractions": "[2.*, )",
          "System.Buffers": "[4.*, )",
          "System.Collections.Immutable": "[6.*, )",
          "System.IO.Pipelines": "[6.*, )",
          "System.Memory": "[4.*, )",
          "System.Text.Encodings.Web": "[6.*, )",
          "System.Threading.Tasks.Extensions": "[4.*, )"
        }
      },
      "imazen.common": {
        "type": "Project",
        "dependencies": {
          "Imazen.Abstractions": "[0.1.0--notset, )",
          "Microsoft.Extensions.Hosting.Abstractions": "[2.2.0, )"
        }
      },
      "imazen.hybridcache": {
        "type": "Project",
        "dependencies": {
          "Imazen.Common": "[0.1.0--notset, )",
          "System.Interactive.Async": "[6.0.1, )"
        }
      },
      "imazen.routing": {
        "type": "Project",
        "dependencies": {
          "CommunityToolkit.HighPerformance": "[8.*, )",
          "Imageflow.Net": "[0.13.2, )",
          "Imazen.Abstractions": "[0.1.0--notset, )",
          "Imazen.Common": "[0.1.0--notset, )",
          "System.Collections.Immutable": "[6.*, )",
          "System.IO.Pipelines": "[6.*, )",
          "System.Threading.Tasks.Extensions": "[4.*, )"
        }
      },
      "imazen.testinghelpers": {
        "type": "Project",
        "dependencies": {
          "Imazen.Abstractions": "[0.1.0--notset, )",
          "Imazen.Common": "[0.1.0--notset, )",
          "Imazen.Routing": "[0.1.0--notset, )",
          "Microsoft.Extensions.FileProviders.Embedded": "[8.0.10, )",
          "Microsoft.Extensions.Logging": "[8.0.0, )",
          "Microsoft.Extensions.Logging.Abstractions": "[8.0.2, )",
          "Microsoft.Extensions.Primitives": "[8.0.0, )",
          "System.Memory": "[4.6.0, )",
          "System.Threading.Tasks.Extensions": "[4.6.0, )"
        }
      }
    },
    "net8.0": {
      "FluentAssertions": {
        "type": "Direct",
        "requested": "[8.*, )",
        "resolved": "8.2.0",
        "contentHash": "Gh4jkECcrR0i17ofCVqsiVz2+lxC+p5TYFPCrbZFi7eQQWGEZhvCDwvhycBKX1Kmtbd+H2CW/ugW7wdH9Br9NQ=="
      },
      "Microsoft.NET.Test.Sdk": {
        "type": "Direct",
        "requested": "[17.13.*, )",
        "resolved": "17.13.0",
        "contentHash": "W19wCPizaIC9Zh47w8wWI/yxuqR7/dtABwOrc8r2jX/8mUNxM2vw4fXDh+DJTeogxV+KzKwg5jNNGQVwf3LXyA==",
        "dependencies": {
          "Microsoft.CodeCoverage": "17.13.0",
          "Microsoft.TestPlatform.TestHost": "17.13.0"
        }
      },
      "Moq": {
        "type": "Direct",
        "requested": "[4.20.72, )",
        "resolved": "4.20.72",
        "contentHash": "EA55cjyNn8eTNWrgrdZJH5QLFp2L43oxl1tlkoYUKIE9pRwL784OWiTXeCV5ApS+AMYEAlt7Fo03A2XfouvHmQ==",
        "dependencies": {
          "Castle.Core": "5.1.1"
        }
      },
      "PolySharp": {
        "type": "Direct",
        "requested": "[1.14.1, )",
        "resolved": "1.14.1",
        "contentHash": "mOOmFYwad3MIOL14VCjj02LljyF1GNw1wP0YVlxtcPvqdxjGGMNdNJJxHptlry3MOd8b40Flm8RPOM8JOlN2sQ=="
      },
      "xunit.runner.visualstudio": {
        "type": "Direct",
        "requested": "[3.0.2, )",
        "resolved": "3.0.2",
        "contentHash": "oXbusR6iPq0xlqoikjdLvzh+wQDkMv9If58myz9MEzldS4nIcp442Btgs2sWbYWV+caEluMe2pQCZ0hUZgPiow=="
      },
      "xunit.v3": {
        "type": "Direct",
        "requested": "[2.0.1, )",
        "resolved": "2.0.1",
        "contentHash": "aZd9scfbb2bq8i2d9LDh8A/R1DZX/M4eASfxuL3RZUHw/5VaHi8+sb9jPODVPTA/hYRsCu+2DsEOLI2AQJCrhw==",
        "dependencies": {
          "xunit.analyzers": "1.21.0",
          "xunit.v3.assert": "[2.0.1]",
          "xunit.v3.core": "[2.0.1]"
        }
      },
      "Castle.Core": {
        "type": "Transitive",
        "resolved": "5.1.1",
        "contentHash": "rpYtIczkzGpf+EkZgDr9CClTdemhsrwA/W5hMoPjLkRFnXzH44zDLoovXeKtmxb1ykXK9aJVODSpiJml8CTw2g==",
        "dependencies": {
          "System.Diagnostics.EventLog": "6.0.0"
        }
      },
      "CommunityToolkit.HighPerformance": {
        "type": "Transitive",
        "resolved": "8.4.0",
        "contentHash": "flxspiBs0G/0GMp7IK2J2ijV9bTG6hEwFc/z6ekHqB6nwRJ4Ry2yLdx+TkbCUYFCl4XhABkAwomeKbT6zM2Zlg=="
      },
      "Imageflow.Net": {
        "type": "Transitive",
        "resolved": "0.13.2",
        "contentHash": "9HGmpQY5NzuoVtsnm3I+6tkCFnPDHqhlQDekBlnpYVL8t/YiMUPdf+rrl5D1RNO7Hor2Vs1Xno0wZEF7ER39tQ==",
        "dependencies": {
          "Microsoft.IO.RecyclableMemoryStream": "[3.0.0, 4.0.0)"
        }
      },
      "Microsoft.Bcl.AsyncInterfaces": {
        "type": "Transitive",
        "resolved": "6.0.0",
        "contentHash": "UcSjPsst+DfAdJGVDsu346FX0ci0ah+lw3WRtn18NUwEqRt70HaOQ7lI72vy3+1LxtqI3T5GWwV39rQSrCzAeg=="
      },
      "Microsoft.CodeCoverage": {
        "type": "Transitive",
        "resolved": "17.13.0",
        "contentHash": "9LIUy0y+DvUmEPtbRDw6Bay3rzwqFV8P4efTrK4CZhQle3M/QwLPjISghfcolmEGAPWxuJi6m98ZEfk4VR4Lfg=="
      },
      "Microsoft.Extensions.Configuration.Abstractions": {
        "type": "Transitive",
        "resolved": "2.2.0",
        "contentHash": "65MrmXCziWaQFrI0UHkQbesrX5wTwf9XPjY5yFm/VkgJKFJ5gqvXRoXjIZcf2wLi5ZlwGz/oMYfyURVCWbM5iw==",
        "dependencies": {
          "Microsoft.Extensions.Primitives": "2.2.0"
        }
      },
      "Microsoft.Extensions.DependencyInjection": {
        "type": "Transitive",
        "resolved": "8.0.0",
        "contentHash": "V8S3bsm50ig6JSyrbcJJ8bW2b9QLGouz+G1miK3UTaOWmMtFwNNNzUf4AleyDWUmTrWMLNnFSLEQtxmxgNQnNQ==",
        "dependencies": {
          "Microsoft.Extensions.DependencyInjection.Abstractions": "8.0.0"
        }
      },
      "Microsoft.Extensions.DependencyInjection.Abstractions": {
        "type": "Transitive",
        "resolved": "8.0.2",
        "contentHash": "3iE7UF7MQkCv1cxzCahz+Y/guQbTqieyxyaWKhrRO91itI9cOKO76OHeQDahqG4MmW5umr3CcCvGmK92lWNlbg=="
      },
      "Microsoft.Extensions.FileProviders.Abstractions": {
        "type": "Transitive",
        "resolved": "8.0.0",
        "contentHash": "ZbaMlhJlpisjuWbvXr4LdAst/1XxH3vZ6A0BsgTphZ2L4PGuxRLz7Jr/S7mkAAnOn78Vu0fKhEgNF5JO3zfjqQ==",
        "dependencies": {
          "Microsoft.Extensions.Primitives": "8.0.0"
        }
      },
      "Microsoft.Extensions.FileProviders.Embedded": {
        "type": "Transitive",
        "resolved": "8.0.10",
        "contentHash": "N/Ow71LLKXbC4fOFoAG7QNyyhgRypd8in8lc92xInZyyNFlBTgGR3R1BV91Wr5+1/l9+Qvo+2Ee2cAth43OP/Q==",
        "dependencies": {
          "Microsoft.Extensions.FileProviders.Abstractions": "8.0.0"
        }
      },
      "Microsoft.Extensions.Hosting.Abstractions": {
        "type": "Transitive",
        "resolved": "2.2.0",
        "contentHash": "+k4AEn68HOJat5gj1TWa6X28WlirNQO9sPIIeQbia+91n03esEtMSSoekSTpMjUzjqtJWQN3McVx0GvSPFHF/Q==",
        "dependencies": {
          "Microsoft.Extensions.Configuration.Abstractions": "2.2.0",
          "Microsoft.Extensions.DependencyInjection.Abstractions": "2.2.0",
          "Microsoft.Extensions.FileProviders.Abstractions": "2.2.0",
          "Microsoft.Extensions.Logging.Abstractions": "2.2.0"
        }
      },
      "Microsoft.Extensions.Logging": {
        "type": "Transitive",
        "resolved": "8.0.0",
        "contentHash": "tvRkov9tAJ3xP51LCv3FJ2zINmv1P8Hi8lhhtcKGqM+ImiTCC84uOPEI4z8Cdq2C3o9e+Aa0Gw0rmrsJD77W+w==",
        "dependencies": {
          "Microsoft.Extensions.DependencyInjection": "8.0.0",
          "Microsoft.Extensions.Logging.Abstractions": "8.0.0",
          "Microsoft.Extensions.Options": "8.0.0"
        }
      },
      "Microsoft.Extensions.Logging.Abstractions": {
        "type": "Transitive",
        "resolved": "8.0.2",
        "contentHash": "nroMDjS7hNBPtkZqVBbSiQaQjWRDxITI8Y7XnDs97rqG3EbzVTNLZQf7bIeUJcaHOV8bca47s1Uxq94+2oGdxA==",
        "dependencies": {
          "Microsoft.Extensions.DependencyInjection.Abstractions": "8.0.2"
        }
      },
      "Microsoft.Extensions.Options": {
        "type": "Transitive",
        "resolved": "8.0.0",
        "contentHash": "JOVOfqpnqlVLUzINQ2fox8evY2SKLYJ3BV8QDe/Jyp21u1T7r45x/R/5QdteURMR5r01GxeJSBBUOCOyaNXA3g==",
        "dependencies": {
          "Microsoft.Extensions.DependencyInjection.Abstractions": "8.0.0",
          "Microsoft.Extensions.Primitives": "8.0.0"
        }
      },
      "Microsoft.Extensions.Primitives": {
        "type": "Transitive",
        "resolved": "8.0.0",
        "contentHash": "bXJEZrW9ny8vjMF1JV253WeLhpEVzFo1lyaZu1vQ4ZxWUlVvknZ/+ftFgVheLubb4eZPSwwxBeqS1JkCOjxd8g=="
      },
      "Microsoft.IO.RecyclableMemoryStream": {
        "type": "Transitive",
        "resolved": "3.0.0",
        "contentHash": "irv0HuqoH8Ig5i2fO+8dmDNdFdsrO+DoQcedwIlb810qpZHBNQHZLW7C/AHBQDgLLpw2T96vmMAy/aE4Yj55Sg=="
      },
      "Microsoft.Testing.Extensions.TrxReport.Abstractions": {
        "type": "Transitive",
        "resolved": "1.6.3",
        "contentHash": "0MdowM+3IDVWE5VBzVe9NvxsE4caSbM3fO+jlWVzEBr/Vnc3BWx+uV/Ex0dLLpkxkeUKH2gGWTNLb39rw3DDqw==",
        "dependencies": {
          "Microsoft.Testing.Platform": "1.6.3"
        }
      },
      "Microsoft.Testing.Platform": {
        "type": "Transitive",
        "resolved": "1.6.3",
        "contentHash": "DqMZukaPo+vKzColfqd1I5qZebfISZT6ND70AOem/dYQmHsaMN0xg/JG7E0e80rwfxL7wAA4ylSg8j6KJf1Tuw=="
      },
      "Microsoft.Testing.Platform.MSBuild": {
        "type": "Transitive",
        "resolved": "1.6.3",
        "contentHash": "PXSYI5Iae29GM5636zOL8PlQD1YyOa9cfzfYLR43hrLjjK7RDJgMTvgAet3oZLgDTvz6pbzABZvhx+S/W5m8YA==",
        "dependencies": {
          "Microsoft.Testing.Platform": "1.6.3"
        }
      },
      "Microsoft.TestPlatform.ObjectModel": {
        "type": "Transitive",
        "resolved": "17.13.0",
        "contentHash": "bt0E0Dx+iqW97o4A59RCmUmz/5NarJ7LRL+jXbSHod72ibL5XdNm1Ke+UO5tFhBG4VwHLcSjqq9BUSblGNWamw=="
      },
      "Microsoft.TestPlatform.TestHost": {
        "type": "Transitive",
        "resolved": "17.13.0",
        "contentHash": "9GGw08Dc3AXspjekdyTdZ/wYWFlxbgcF0s7BKxzVX+hzAwpifDOdxM+ceVaaJSQOwqt3jtuNlHn3XTpKUS9x9Q==",
        "dependencies": {
          "Microsoft.TestPlatform.ObjectModel": "17.13.0",
          "Newtonsoft.Json": "13.0.1"
        }
      },
      "Newtonsoft.Json": {
        "type": "Transitive",
        "resolved": "13.0.1",
        "contentHash": "ppPFpBcvxdsfUonNcvITKqLl3bqxWbDCZIzDWHzjpdAHRFfZe0Dw9HmA0+za13IdyrgJwpkDTDA9fHaxOrt20A=="
      },
      "System.Diagnostics.EventLog": {
        "type": "Transitive",
        "resolved": "6.0.0",
        "contentHash": "lcyUiXTsETK2ALsZrX+nWuHSIQeazhqPphLfaRxzdGaG93+0kELqpgEHtwWOlQe7+jSFnKwaCAgL4kjeZCQJnw=="
      },
      "System.Interactive.Async": {
        "type": "Transitive",
        "resolved": "6.0.1",
        "contentHash": "f8H1O4ZWDQo344y5NQU76G4SIjWMuKDVXL9OM1dg6K5YZnLkc8iCdQDybBvMcC6ufk61jzXGVAX6UCDu0qDSjA==",
        "dependencies": {
          "System.Linq.Async": "6.0.1"
        }
      },
      "System.IO.Pipelines": {
        "type": "Transitive",
        "resolved": "6.0.3",
        "contentHash": "ryTgF+iFkpGZY1vRQhfCzX0xTdlV3pyaTTqRu2ETbEv+HlV7O6y7hyQURnghNIXvctl5DuZ//Dpks6HdL/Txgw=="
      },
      "System.Linq.Async": {
        "type": "Transitive",
        "resolved": "6.0.1",
        "contentHash": "0YhHcaroWpQ9UCot3Pizah7ryAzQhNvobLMSxeDIGmnXfkQn8u5owvpOH0K6EVB+z9L7u6Cc4W17Br/+jyttEQ==",
        "dependencies": {
          "Microsoft.Bcl.AsyncInterfaces": "6.0.0"
        }
      },
      "System.Memory": {
        "type": "Transitive",
        "resolved": "4.6.0",
        "contentHash": "OEkbBQoklHngJ8UD8ez2AERSk2g+/qpAaSWWCBFbpH727HxDq5ydVkuncBaKcKfwRqXGWx64dS6G1SUScMsitg=="
      },
      "System.Threading.Tasks.Extensions": {
        "type": "Transitive",
        "resolved": "4.6.0",
        "contentHash": "I5G6Y8jb0xRtGUC9Lahy7FUvlYlnGMMkbuKAQBy8Jb7Y6Yn8OlBEiUOY0PqZ0hy6Ua8poVA1ui1tAIiXNxGdsg=="
      },
      "xunit.analyzers": {
        "type": "Transitive",
        "resolved": "1.21.0",
        "contentHash": "2KvcXvsqZQnwQmdEJC4BGXCsllgMtfbhlnY7MlDu5ZsKLWDEnYT5PNqGLiQQnxQYqwkOyTPAbrCwUyI9ZfJ2fg=="
      },
      "xunit.v3.assert": {
        "type": "Transitive",
        "resolved": "2.0.1",
        "contentHash": "kRHFGQx8InD5VhLxUVGoNLQ+zieMHGRcqIoybggCqWJJR/YQVo/BbfVq2tlxuC/D6Fh7hciDQQtuiz0qxbkHLg=="
      },
      "xunit.v3.common": {
        "type": "Transitive",
        "resolved": "2.0.1",
        "contentHash": "yAiB2YncUZ9NTzaByPElXFXZLnmksy5H9ufNqV1vAWRBWVohBnM7pwVcJG86nI7ZYnCJAulEqSTlw6O+JaXi5A==",
        "dependencies": {
          "Microsoft.Bcl.AsyncInterfaces": "6.0.0"
        }
      },
      "xunit.v3.core": {
        "type": "Transitive",
        "resolved": "2.0.1",
        "contentHash": "CtLhyvFOMvd+OG83GoYXOAtlImg9kVG0mC0Oz520BG8UkRLXXrHxQH8o4VG97FTNouCQV5luejUc2S6F3Plgsg==",
        "dependencies": {
          "Microsoft.Testing.Platform.MSBuild": "1.6.3",
          "xunit.v3.extensibility.core": "[2.0.1]",
          "xunit.v3.runner.inproc.console": "[2.0.1]"
        }
      },
      "xunit.v3.extensibility.core": {
        "type": "Transitive",
        "resolved": "2.0.1",
        "contentHash": "bSJU4PidfMf9qnLzEozplpy2BrZcj+lZshuUtzuT2Itq4h7RuanldGkz/ybYTI7jThXiUUkSytnCT3+D5h1yrA==",
        "dependencies": {
          "xunit.v3.common": "[2.0.1]"
        }
      },
      "xunit.v3.runner.common": {
        "type": "Transitive",
        "resolved": "2.0.1",
        "contentHash": "XhHprIUiDH1gHdlbHz2Dd2FIiooo82wkzOe+llaw+rIHij4G/vSDxLUTvhSUX6ZpbeHc1i3oEc2DahCFKidwzQ==",
        "dependencies": {
          "xunit.v3.common": "[2.0.1]"
        }
      },
      "xunit.v3.runner.inproc.console": {
        "type": "Transitive",
        "resolved": "2.0.1",
        "contentHash": "MBk3QekEbnlueTQVfNzXbrDXRSPFUsqBppSHPmkZpcJai06bbv6CAHUZciOjxUj5Y0F2MKhdc5XSiu0bwZUrfA==",
        "dependencies": {
          "Microsoft.Testing.Extensions.TrxReport.Abstractions": "1.6.3",
          "Microsoft.Testing.Platform": "1.6.3",
          "xunit.v3.extensibility.core": "[2.0.1]",
          "xunit.v3.runner.common": "[2.0.1]"
        }
      },
      "imazen.abstractions": {
        "type": "Project",
        "dependencies": {
          "CommunityToolkit.HighPerformance": "[8.*, )",
          "Microsoft.Extensions.Hosting.Abstractions": "[2.*, )"
        }
      },
      "imazen.common": {
        "type": "Project",
        "dependencies": {
          "Imazen.Abstractions": "[0.1.0--notset, )",
          "Microsoft.Extensions.Hosting.Abstractions": "[2.2.0, )"
        }
      },
      "imazen.hybridcache": {
        "type": "Project",
        "dependencies": {
          "Imazen.Common": "[0.1.0--notset, )",
          "System.Interactive.Async": "[6.0.1, )"
        }
      },
      "imazen.routing": {
        "type": "Project",
        "dependencies": {
          "CommunityToolkit.HighPerformance": "[8.*, )",
          "Imageflow.Net": "[0.13.2, )",
          "Imazen.Abstractions": "[0.1.0--notset, )",
          "Imazen.Common": "[0.1.0--notset, )",
          "System.IO.Pipelines": "[6.*, )"
        }
      },
      "imazen.testinghelpers": {
        "type": "Project",
        "dependencies": {
          "Imazen.Abstractions": "[0.1.0--notset, )",
          "Imazen.Common": "[0.1.0--notset, )",
          "Imazen.Routing": "[0.1.0--notset, )",
          "Microsoft.Extensions.FileProviders.Embedded": "[8.0.10, )",
          "Microsoft.Extensions.Logging": "[8.0.0, )",
          "Microsoft.Extensions.Logging.Abstractions": "[8.0.2, )",
          "Microsoft.Extensions.Primitives": "[8.0.0, )",
          "System.Memory": "[4.6.0, )",
          "System.Threading.Tasks.Extensions": "[4.6.0, )"
        }
      }
    }
  }
}