{
  "version": 1,
  "dependencies": {
    ".NETStandard,Version=v2.0": {
      "AWSSDK.S3": {
        "type": "Direct",
        "requested": "[3.7.412, )",
        "resolved": "3.7.412",
        "contentHash": "ilWOzldrmnggU5ww7CEZ/KT1klXJh8xUXsDUuQ0gBQFqBcb5HMtu1lzscn3wExj9NmVYH6XpBTQQjdXoLiYyzw==",
        "dependencies": {
          "AWSSDK.Core": "[3.7.401, 4.0.0)"
        }
      },
      "Microsoft.CodeAnalysis.PublicApiAnalyzers": {
        "type": "Direct",
        "requested": "[3.3.4, )",
        "resolved": "3.3.4",
        "contentHash": "kNLTfXtXUWDHVt5iaPkkiPuyHYlMgLI6SOFT4w88bfeI2vqSeGgHunFkdvlaCM8RDfcY0t2+jnesQtidRJJ/DA=="
      },
      "Microsoft.SourceLink.GitHub": {
        "type": "Direct",
        "requested": "[8.0.0, )",
        "resolved": "8.0.0",
        "contentHash": "G5q7OqtwIyGTkeIOAc3u2ZuV/kicQaec5EaRnc0pIeSnh9LUjj+PYQrJYBURvDt7twGl2PKA7nSN0kz1Zw5bnQ==",
        "dependencies": {
          "Microsoft.Build.Tasks.Git": "8.0.0",
          "Microsoft.SourceLink.Common": "8.0.0"
        }
      },
      "NETStandard.Library": {
        "type": "Direct",
        "requested": "[2.0.3, )",
        "resolved": "2.0.3",
        "contentHash": "st47PosZSHrjECdjeIzZQbzivYBJFv6P2nv4cj2ypdI204DO+vZ7l5raGMiX4eXMJ53RfOIg+/s4DHVZ54Nu2A==",
        "dependencies": {
          "Microsoft.NETCore.Platforms": "1.1.0"
        }
      },
      "AWSSDK.Core": {
        "type": "Transitive",
        "resolved": "3.7.401",
        "contentHash": "mFHctwH6+CyCNtr1xNrHQIFYFf2xGElBz6+znVGMix1BmlzsxxzwAoyaj0NEtCSlYJ8pX6RMh5spKVBzEjLKHQ==",
        "dependencies": {
          "Microsoft.Bcl.AsyncInterfaces": "1.1.0"
        }
      },
      "CommunityToolkit.HighPerformance": {
        "type": "Transitive",
        "resolved": "8.4.0",
        "contentHash": "flxspiBs0G/0GMp7IK2J2ijV9bTG6hEwFc/z6ekHqB6nwRJ4Ry2yLdx+TkbCUYFCl4XhABkAwomeKbT6zM2Zlg==",
        "dependencies": {
          "Microsoft.Bcl.HashCode": "6.0.0",
          "System.Memory": "4.6.0",
          "System.Runtime.CompilerServices.Unsafe": "6.1.0",
          "System.Threading.Tasks.Extensions": "4.6.0"
        }
      },
      "Imageflow.Net": {
        "type": "Transitive",
        "resolved": "0.13.2",
        "contentHash": "9HGmpQY5NzuoVtsnm3I+6tkCFnPDHqhlQDekBlnpYVL8t/YiMUPdf+rrl5D1RNO7Hor2Vs1Xno0wZEF7ER39tQ==",
        "dependencies": {
          "Microsoft.IO.RecyclableMemoryStream": "[3.0.0, 4.0.0)",
          "System.Buffers": "4.5.1",
          "System.Memory": "4.5.5",
          "System.Text.Json": "6.0.9"
        }
      },
      "Microsoft.Bcl.AsyncInterfaces": {
        "type": "Transitive",
        "resolved": "9.0.4",
        "contentHash": "9VGI5kxIvrNG2mqLQZnUR6y/3fcnygD8eNpHR+CqfbnIXvea6nehnYknDKQTxZVPMpzpNca+7DxLBmpdB3q0Bw==",
        "dependencies": {
          "System.Threading.Tasks.Extensions": "4.5.4"
        }
      },
      "Microsoft.Bcl.HashCode": {
        "type": "Transitive",
        "resolved": "6.0.0",
        "contentHash": "GI4jcoi6eC9ZhNOQylIBaWOQjyGaR8T6N3tC1u8p3EXfndLCVNNWa+Zp+ocjvvS3kNBN09Zma2HXL0ezO0dRfw=="
      },
      "Microsoft.Build.Tasks.Git": {
        "type": "Transitive",
        "resolved": "8.0.0",
        "contentHash": "bZKfSIKJRXLTuSzLudMFte/8CempWjVamNUR5eHJizsy+iuOuO/k2gnh7W0dHJmYY0tBf+gUErfluCv5mySAOQ=="
      },
      "Microsoft.Extensions.Configuration.Abstractions": {
        "type": "Transitive",
        "resolved": "2.2.0",
        "contentHash": "65MrmXCziWaQFrI0UHkQbesrX5wTwf9XPjY5yFm/VkgJKFJ5gqvXRoXjIZcf2wLi5ZlwGz/oMYfyURVCWbM5iw==",
        "dependencies": {
          "Microsoft.Extensions.Primitives": "2.2.0"
        }
      },
      "Microsoft.Extensions.DependencyInjection.Abstractions": {
        "type": "Transitive",
        "resolved": "2.2.0",
        "contentHash": "f9hstgjVmr6rmrfGSpfsVOl2irKAgr1QjrSi3FgnS7kulxband50f2brRLwySAQTADPZeTdow0mpSMcoAdadCw=="
      },
      "Microsoft.Extensions.FileProviders.Abstractions": {
        "type": "Transitive",
        "resolved": "2.2.0",
        "contentHash": "EcnaSsPTqx2MGnHrmWOD0ugbuuqVT8iICqSqPzi45V5/MA1LjUNb0kwgcxBGqizV1R+WeBK7/Gw25Jzkyk9bIw==",
        "dependencies": {
          "Microsoft.Extensions.Primitives": "2.2.0"
        }
      },
      "Microsoft.Extensions.Hosting.Abstractions": {
        "type": "Transitive",
        "resolved": "2.2.0",
        "contentHash": "+k4AEn68HOJat5gj1TWa6X28WlirNQO9sPIIeQbia+91n03esEtMSSoekSTpMjUzjqtJWQN3McVx0GvSPFHF/Q==",
        "dependencies": {
          "Microsoft.Extensions.Configuration.Abstractions": "2.2.0",
          "Microsoft.Extensions.DependencyInjection.Abstractions": "2.2.0",
          "Microsoft.Extensions.FileProviders.Abstractions": "2.2.0",
          "Microsoft.Extensions.Logging.Abstractions": "2.2.0"
        }
      },
      "Microsoft.Extensions.Logging.Abstractions": {
        "type": "Transitive",
        "resolved": "2.2.0",
        "contentHash": "B2WqEox8o+4KUOpL7rZPyh6qYjik8tHi2tN8Z9jZkHzED8ElYgZa/h6K+xliB435SqUcWT290Fr2aa8BtZjn8A=="
      },
      "Microsoft.Extensions.Primitives": {
        "type": "Transitive",
        "resolved": "2.2.0",
        "contentHash": "azyQtqbm4fSaDzZHD/J+V6oWMFaf2tWP4WEGIYePLCMw3+b2RQdj9ybgbQyjCshcitQKQ4lEDOZjmSlTTrHxUg==",
        "dependencies": {
          "System.Memory": "4.5.1",
          "System.Runtime.CompilerServices.Unsafe": "4.5.1"
        }
      },
      "Microsoft.IO.RecyclableMemoryStream": {
        "type": "Transitive",
        "resolved": "3.0.0",
        "contentHash": "irv0HuqoH8Ig5i2fO+8dmDNdFdsrO+DoQcedwIlb810qpZHBNQHZLW7C/AHBQDgLLpw2T96vmMAy/aE4Yj55Sg==",
        "dependencies": {
          "System.Memory": "4.5.5"
        }
      },
      "Microsoft.NETCore.Platforms": {
        "type": "Transitive",
        "resolved": "1.1.0",
        "contentHash": "kz0PEW2lhqygehI/d6XsPCQzD7ff7gUJaVGPVETX611eadGsA3A877GdSlU0LRVMCTH/+P3o2iDTak+S08V2+A=="
      },
      "Microsoft.SourceLink.Common": {
        "type": "Transitive",
        "resolved": "8.0.0",
        "contentHash": "dk9JPxTCIevS75HyEQ0E4OVAFhB2N+V9ShCXf8Q6FkUQZDkgLI12y679Nym1YqsiSysuQskT7Z+6nUf3yab6Vw=="
      },
      "sly": {
        "type": "Transitive",
        "resolved": "3.7.3",
        "contentHash": "g+w2nk4LdULjGyxJv7glwNuQvqPe8cPi/JDNg431ZBXK3/x3yCZHCYxvC+gDWNaK1clc48bo82Aha6UTLoNUYw==",
        "dependencies": {
          "System.Collections.Immutable": "6.0.0",
          "System.Text.Json": "9.0.4",
          "System.ValueTuple": "4.6.0"
        }
      },
      "System.Buffers": {
        "type": "Transitive",
        "resolved": "4.6.1",
        "contentHash": "N8GXpmiLMtljq7gwvyS+1QvKT/W2J8sNAvx+HVg4NGmsG/H+2k/y9QI23auLJRterrzCiDH+IWAw4V/GPwsMlw=="
      },
      "System.Collections.Immutable": {
        "type": "Transitive",
        "resolved": "6.0.1",
        "contentHash": "Cc+SfP+jyCmA1TnRnDA7cRZy5jbLyWodfuUJKDJ+PJZBwWkv8szz+ztSCHAonqnL01DRaHaS2ptc4bYIEdgvWw==",
        "dependencies": {
          "System.Memory": "4.5.4",
          "System.Runtime.CompilerServices.Unsafe": "6.0.0"
        }
      },
      "System.IO.Pipelines": {
        "type": "Transitive",
        "resolved": "9.0.4",
        "contentHash": "luF2Xba+lTe2GOoNQdZLe8q7K6s7nSpWZl9jIwWNMszN4/Yv0lmxk9HISgMmwdyZ83i3UhAGXaSY9o6IJBUuuA==",
        "dependencies": {
          "System.Buffers": "4.5.1",
          "System.Memory": "4.5.5",
          "System.Threading.Tasks.Extensions": "4.5.4"
        }
      },
      "System.Memory": {
        "type": "Transitive",
        "resolved": "4.6.3",
        "contentHash": "qdcDOgnFZY40+Q9876JUHnlHu7bosOHX8XISRoH94fwk6hgaeQGSgfZd8srWRZNt5bV9ZW2TljcegDNxsf+96A==",
        "dependencies": {
          "System.Buffers": "4.6.1",
          "System.Numerics.Vectors": "4.6.1",
          "System.Runtime.CompilerServices.Unsafe": "6.1.2"
        }
      },
      "System.Numerics.Vectors": {
        "type": "Transitive",
        "resolved": "4.6.1",
        "contentHash": "sQxefTnhagrhoq2ReR0D/6K0zJcr9Hrd6kikeXsA1I8kOCboTavcUC4r7TSfpKFeE163uMuxZcyfO1mGO3EN8Q=="
      },
      "System.Runtime.CompilerServices.Unsafe": {
        "type": "Transitive",
        "resolved": "6.1.2",
        "contentHash": "2hBr6zdbIBTDE3EhK7NSVNdX58uTK6iHW/P/Axmm9sl1xoGSLqDvMtpecn226TNwHByFokYwJmt/aQQNlO5CRw=="
      },
      "System.Text.Encodings.Web": {
        "type": "Transitive",
        "resolved": "9.0.4",
        "contentHash": "V+5cCPpk1S2ngekUs9nDrQLHGiWFZMg8BthADQr+Fwi59a8DdHFu26S2oi9Bfgv+d67bqmkPqctJXMEXiimXUg==",
        "dependencies": {
          "System.Buffers": "4.5.1",
          "System.Memory": "4.5.5",
          "System.Runtime.CompilerServices.Unsafe": "6.0.0"
        }
      },
      "System.Text.Json": {
        "type": "Transitive",
        "resolved": "9.0.4",
        "contentHash": "pYtmpcO6R3Ef1XilZEHgXP2xBPVORbYEzRP7dl0IAAbN8Dm+kfwio8aCKle97rAWXOExr292MuxWYurIuwN62g==",
        "dependencies": {
          "Microsoft.Bcl.AsyncInterfaces": "9.0.4",
          "System.Buffers": "4.5.1",
          "System.IO.Pipelines": "9.0.4",
          "System.Memory": "4.5.5",
          "System.Runtime.CompilerServices.Unsafe": "6.0.0",
          "System.Text.Encodings.Web": "9.0.4",
          "System.Threading.Tasks.Extensions": "4.5.4"
        }
      },
      "System.Threading.Tasks.Extensions": {
        "type": "Transitive",
        "resolved": "4.6.3",
        "contentHash": "7sCiwilJLYbTZELaKnc7RecBBXWXA+xMLQWZKWawBxYjp6DBlSE3v9/UcvKBvr1vv2tTOhipiogM8rRmxlhrVA==",
        "dependencies": {
          "System.Runtime.CompilerServices.Unsafe": "6.1.2"
        }
      },
      "System.ValueTuple": {
        "type": "Transitive",
        "resolved": "4.6.0",
        "contentHash": "/5KsV85mg+o8HMgO8k/BzBlyt3ukSExF6yYqKrjT+JxG8rdu6F04g7/Emq+tDhQg2KOtVwRmcrFGouXi/iPKBA=="
      },
      "imazen.abstractions": {
        "type": "Project",
        "dependencies": {
          "CommunityToolkit.HighPerformance": "[8.*, )",
          "Microsoft.Bcl.AsyncInterfaces": "[6.*, )",
          "Microsoft.Extensions.Hosting.Abstractions": "[2.*, )",
          "System.Buffers": "[4.*, )",
          "System.Collections.Immutable": "[6.*, )",
          "System.IO.Pipelines": "[6.*, )",
          "System.Memory": "[4.*, )",
          "System.Text.Encodings.Web": "[6.*, )",
          "System.Threading.Tasks.Extensions": "[4.*, )"
        }
      },
      "imazen.common": {
        "type": "Project",
        "dependencies": {
          "Imazen.Abstractions": "[0.1.0--notset, )",
          "Microsoft.Extensions.Hosting.Abstractions": "[2.2.0, )"
        }
      },
      "imazen.routing": {
        "type": "Project",
        "dependencies": {
          "CommunityToolkit.HighPerformance": "[8.*, )",
          "Imageflow.Net": "[0.13.2, )",
          "Imazen.Abstractions": "[0.1.0--notset, )",
          "Imazen.Common": "[0.1.0--notset, )",
          "System.Collections.Immutable": "[6.*, )",
          "System.IO.Pipelines": "[9.0.4, )",
          "System.Threading.Tasks.Extensions": "[4.*, )",
          "sly": "[3.7.3, )"
        }
      }
    },
    "net8.0": {
      "AWSSDK.S3": {
        "type": "Direct",
        "requested": "[3.7.412, )",
        "resolved": "3.7.412",
        "contentHash": "ilWOzldrmnggU5ww7CEZ/KT1klXJh8xUXsDUuQ0gBQFqBcb5HMtu1lzscn3wExj9NmVYH6XpBTQQjdXoLiYyzw==",
        "dependencies": {
          "AWSSDK.Core": "[3.7.401, 4.0.0)"
        }
      },
      "Microsoft.CodeAnalysis.PublicApiAnalyzers": {
        "type": "Direct",
        "requested": "[3.3.4, )",
        "resolved": "3.3.4",
        "contentHash": "kNLTfXtXUWDHVt5iaPkkiPuyHYlMgLI6SOFT4w88bfeI2vqSeGgHunFkdvlaCM8RDfcY0t2+jnesQtidRJJ/DA=="
      },
      "Microsoft.SourceLink.GitHub": {
        "type": "Direct",
        "requested": "[8.0.0, )",
        "resolved": "8.0.0",
        "contentHash": "G5q7OqtwIyGTkeIOAc3u2ZuV/kicQaec5EaRnc0pIeSnh9LUjj+PYQrJYBURvDt7twGl2PKA7nSN0kz1Zw5bnQ==",
        "dependencies": {
          "Microsoft.Build.Tasks.Git": "8.0.0",
          "Microsoft.SourceLink.Common": "8.0.0"
        }
      },
      "AWSSDK.Core": {
        "type": "Transitive",
        "resolved": "3.7.401",
        "contentHash": "mFHctwH6+CyCNtr1xNrHQIFYFf2xGElBz6+znVGMix1BmlzsxxzwAoyaj0NEtCSlYJ8pX6RMh5spKVBzEjLKHQ=="
      },
      "CommunityToolkit.HighPerformance": {
        "type": "Transitive",
        "resolved": "8.4.0",
        "contentHash": "flxspiBs0G/0GMp7IK2J2ijV9bTG6hEwFc/z6ekHqB6nwRJ4Ry2yLdx+TkbCUYFCl4XhABkAwomeKbT6zM2Zlg=="
      },
      "Imageflow.Net": {
        "type": "Transitive",
        "resolved": "0.13.2",
        "contentHash": "9HGmpQY5NzuoVtsnm3I+6tkCFnPDHqhlQDekBlnpYVL8t/YiMUPdf+rrl5D1RNO7Hor2Vs1Xno0wZEF7ER39tQ==",
        "dependencies": {
          "Microsoft.IO.RecyclableMemoryStream": "[3.0.0, 4.0.0)",
          "System.Text.Json": "6.0.9"
        }
      },
      "Microsoft.Build.Tasks.Git": {
        "type": "Transitive",
        "resolved": "8.0.0",
        "contentHash": "bZKfSIKJRXLTuSzLudMFte/8CempWjVamNUR5eHJizsy+iuOuO/k2gnh7W0dHJmYY0tBf+gUErfluCv5mySAOQ=="
      },
      "Microsoft.Extensions.Configuration.Abstractions": {
        "type": "Transitive",
        "resolved": "2.2.0",
        "contentHash": "65MrmXCziWaQFrI0UHkQbesrX5wTwf9XPjY5yFm/VkgJKFJ5gqvXRoXjIZcf2wLi5ZlwGz/oMYfyURVCWbM5iw==",
        "dependencies": {
          "Microsoft.Extensions.Primitives": "2.2.0"
        }
      },
      "Microsoft.Extensions.DependencyInjection.Abstractions": {
        "type": "Transitive",
        "resolved": "2.2.0",
        "contentHash": "f9hstgjVmr6rmrfGSpfsVOl2irKAgr1QjrSi3FgnS7kulxband50f2brRLwySAQTADPZeTdow0mpSMcoAdadCw=="
      },
      "Microsoft.Extensions.FileProviders.Abstractions": {
        "type": "Transitive",
        "resolved": "2.2.0",
        "contentHash": "EcnaSsPTqx2MGnHrmWOD0ugbuuqVT8iICqSqPzi45V5/MA1LjUNb0kwgcxBGqizV1R+WeBK7/Gw25Jzkyk9bIw==",
        "dependencies": {
          "Microsoft.Extensions.Primitives": "2.2.0"
        }
      },
      "Microsoft.Extensions.Hosting.Abstractions": {
        "type": "Transitive",
        "resolved": "2.2.0",
        "contentHash": "+k4AEn68HOJat5gj1TWa6X28WlirNQO9sPIIeQbia+91n03esEtMSSoekSTpMjUzjqtJWQN3McVx0GvSPFHF/Q==",
        "dependencies": {
          "Microsoft.Extensions.Configuration.Abstractions": "2.2.0",
          "Microsoft.Extensions.DependencyInjection.Abstractions": "2.2.0",
          "Microsoft.Extensions.FileProviders.Abstractions": "2.2.0",
          "Microsoft.Extensions.Logging.Abstractions": "2.2.0"
        }
      },
      "Microsoft.Extensions.Logging.Abstractions": {
        "type": "Transitive",
        "resolved": "2.2.0",
        "contentHash": "B2WqEox8o+4KUOpL7rZPyh6qYjik8tHi2tN8Z9jZkHzED8ElYgZa/h6K+xliB435SqUcWT290Fr2aa8BtZjn8A=="
      },
      "Microsoft.Extensions.Primitives": {
        "type": "Transitive",
        "resolved": "2.2.0",
        "contentHash": "azyQtqbm4fSaDzZHD/J+V6oWMFaf2tWP4WEGIYePLCMw3+b2RQdj9ybgbQyjCshcitQKQ4lEDOZjmSlTTrHxUg==",
        "dependencies": {
          "System.Memory": "4.5.1",
          "System.Runtime.CompilerServices.Unsafe": "4.5.1"
        }
      },
      "Microsoft.IO.RecyclableMemoryStream": {
        "type": "Transitive",
        "resolved": "3.0.0",
        "contentHash": "irv0HuqoH8Ig5i2fO+8dmDNdFdsrO+DoQcedwIlb810qpZHBNQHZLW7C/AHBQDgLLpw2T96vmMAy/aE4Yj55Sg=="
      },
      "Microsoft.SourceLink.Common": {
        "type": "Transitive",
        "resolved": "8.0.0",
        "contentHash": "dk9JPxTCIevS75HyEQ0E4OVAFhB2N+V9ShCXf8Q6FkUQZDkgLI12y679Nym1YqsiSysuQskT7Z+6nUf3yab6Vw=="
      },
      "sly": {
        "type": "Transitive",
        "resolved": "3.7.3",
        "contentHash": "g+w2nk4LdULjGyxJv7glwNuQvqPe8cPi/JDNg431ZBXK3/x3yCZHCYxvC+gDWNaK1clc48bo82Aha6UTLoNUYw==",
        "dependencies": {
          "System.Collections.Immutable": "6.0.0",
          "System.Text.Json": "9.0.4",
          "System.ValueTuple": "4.6.0"
        }
      },
      "System.Collections.Immutable": {
        "type": "Transitive",
        "resolved": "6.0.0",
        "contentHash": "l4zZJ1WU2hqpQQHXz1rvC3etVZN+2DLmQMO79FhOTZHMn8tDRr+WU287sbomD0BETlmKDn0ygUgVy9k5xkkJdA==",
        "dependencies": {
          "System.Runtime.CompilerServices.Unsafe": "6.0.0"
        }
      },
      "System.IO.Pipelines": {
        "type": "Transitive",
        "resolved": "9.0.4",
        "contentHash": "luF2Xba+lTe2GOoNQdZLe8q7K6s7nSpWZl9jIwWNMszN4/Yv0lmxk9HISgMmwdyZ83i3UhAGXaSY9o6IJBUuuA=="
      },
      "System.Memory": {
        "type": "Transitive",
        "resolved": "4.5.1",
        "contentHash": "sDJYJpGtTgx+23Ayu5euxG5mAXWdkDb4+b0rD0Cab0M1oQS9H0HXGPriKcqpXuiJDTV7fTp/d+fMDJmnr6sNvA=="
      },
      "System.Runtime.CompilerServices.Unsafe": {
        "type": "Transitive",
        "resolved": "6.0.0",
        "contentHash": "/iUeP3tq1S0XdNNoMz5C9twLSrM/TH+qElHkXWaPvuNOt+99G75NrV0OS2EqHx5wMN7popYjpc8oTjC1y16DLg=="
      },
      "System.Text.Encodings.Web": {
        "type": "Transitive",
        "resolved": "9.0.4",
        "contentHash": "V+5cCPpk1S2ngekUs9nDrQLHGiWFZMg8BthADQr+Fwi59a8DdHFu26S2oi9Bfgv+d67bqmkPqctJXMEXiimXUg=="
      },
      "System.Text.Json": {
        "type": "Transitive",
        "resolved": "9.0.4",
        "contentHash": "pYtmpcO6R3Ef1XilZEHgXP2xBPVORbYEzRP7dl0IAAbN8Dm+kfwio8aCKle97rAWXOExr292MuxWYurIuwN62g==",
        "dependencies": {
          "System.IO.Pipelines": "9.0.4",
          "System.Text.Encodings.Web": "9.0.4"
        }
      },
      "System.ValueTuple": {
        "type": "Transitive",
        "resolved": "4.6.0",
        "contentHash": "/5KsV85mg+o8HMgO8k/BzBlyt3ukSExF6yYqKrjT+JxG8rdu6F04g7/Emq+tDhQg2KOtVwRmcrFGouXi/iPKBA=="
      },
      "imazen.abstractions": {
        "type": "Project",
        "dependencies": {
          "CommunityToolkit.HighPerformance": "[8.*, )",
          "Microsoft.Extensions.Hosting.Abstractions": "[2.*, )"
        }
      },
      "imazen.common": {
        "type": "Project",
        "dependencies": {
          "Imazen.Abstractions": "[0.1.0--notset, )",
          "Microsoft.Extensions.Hosting.Abstractions": "[2.2.0, )"
        }
      },
      "imazen.routing": {
        "type": "Project",
        "dependencies": {
          "CommunityToolkit.HighPerformance": "[8.*, )",
          "Imageflow.Net": "[0.13.2, )",
          "Imazen.Abstractions": "[0.1.0--notset, )",
          "Imazen.Common": "[0.1.0--notset, )",
          "sly": "[3.7.3, )"
        }
      }
    }
  }
}